
Microsoft Visual Studio Solution File, Format Version 12.00
# Visual Studio Version 17
VisualStudioVersion = 17.0.31903.59
MinimumVisualStudioVersion = 10.0.40219.1
Project("{2150E333-8FDC-42A3-9474-1A3956D46DE8}") = "src", "src", "{827E0CD3-B72D-47B6-A68D-7590B98EB39B}"
EndProject
Project("{FAE04EC0-301F-11D3-BF4B-00C04F79EFBC}") = "WorldCut", "src\WorldCut\WorldCut.csproj", "{3067FC35-0036-4F24-8EFC-F3673580A8A7}"
EndProject
Project("{FAE04EC0-301F-11D3-BF4B-00C04F79EFBC}") = "WorldCut.Tool", "src\WorldCut.Tool\WorldCut.Tool.csproj", "{325DC93A-5BFF-4644-A354-56869DF4BC4F}"
EndProject
Project("{2150E333-8FDC-42A3-9474-1A3956D46DE8}") = "tests", "tests", "{0AB3BF05-4346-4AA6-1389-037BE0695223}"
EndProject
Project("{FAE04EC0-301F-11D3-BF4B-00C04F79EFBC}") = "WorldCut.Tests", "tests\WorldCut.Tests\WorldCut.Tests.csproj", "{1C9E6B67-8C18-4274-A249-57CC9A5E693D}"
EndProject
Global
	GlobalSection(SolutionConfigurationPlatforms) = preSolution
		Debug|Any CPU = Debug|Any CPU
		Debug|x64 = Debug|x64
		Debug|x86 = Debug|x86
		Release|Any CPU = Release|Any CPU
		Release|x64 = Release|x64
		Release|x86 = Release|x86
	EndGlobalSection
	GlobalSection(ProjectConfigurationPlatforms) = postSolution
		{3067FC35-0036-4F24-8EFC-F3673580A8A7}.Debug|Any CPU.ActiveCfg = Debug|Any CPU
		{3067FC35-0036-4F24-8EFC-F3673580A8A7}.Debug|Any CPU.Build.0 = Debug|Any CPU
		{3067FC35-0036-4F24-8EFC-F3673580A8A7}.Debug|x64.ActiveCfg = Debug|Any CPU
		{3067FC35-0036-4F24-8EFC-F3673580A8A7}.Debug|x64.Build.0 = Debug|Any CPU
		{3067FC35-0036-4F24-8EFC-F3673580A8A7}.Debug|x86.ActiveCfg = Debug|Any CPU
		{3067FC35-0036-4F24-8EFC-F3673580A8A7}.Debug|x86.Build.0 = Debug|Any CPU
		{3067FC35-0036-4F24-8EFC-F3673580A8A7}.Release|Any CPU.ActiveCfg = Release|Any CPU
		{3067FC35-0036-4F24-8EFC-F3673580A8A7}.Release|Any CPU.Build.0 = Release|Any CPU
		{3067FC35-0036-4F24-8EFC-F3673580A8A7}.Release|x64.ActiveCfg = Release|Any CPU
		{3067FC35-0036-4F24-8EFC-F3673580A8A7}.Release|x64.Build.0 = Release|Any CPU
		{3067FC35-0036-4F24-8EFC-F3673580A8A7}.Release|x86.ActiveCfg = Release|Any CPU
		{3067FC35-0036-4F24-8EFC-F3673580A8A7}.Release|x86.Build.0 = Release|Any CPU
		{325DC93A-5BFF-4644-A354-56869DF4BC4F}.Debug|Any CPU.ActiveCfg = Debug|Any CPU
		{325DC93A-5BFF-4644-A354-56869DF4BC4F}.Debug|Any CPU.Build.0 = Debug|Any CPU
		{325DC93A-5BFF-4644-A354-56869DF4BC4F}.Debug|x64.ActiveCfg = Debug|Any CPU
		{325DC93A-5BFF-4644-A354-56869DF4BC4F}.Debug|x64.Build.0 = Debug|Any CPU
		{325DC93A-5BFF-4644-A354-56869DF4BC4F}.Debug|x86.ActiveCfg = Debug|Any CPU
		{325DC93A-5BFF-4644-A354-56869DF4BC4F}.Debug|x86.Build.0 = Debug|Any CPU
		{325DC93A-5BFF-4644-A354-56869DF4BC4F}.Release|Any CPU.ActiveCfg = Release|Any CPU
		{325DC93A-5BFF-4644-A354-56869DF4BC4F}.Release|Any CPU.Build.0 = Release|Any CPU
		{325DC93A-5BFF-4644-A354-56869DF4BC4F}.Release|x64.ActiveCfg = Release|Any CPU
		{325DC93A-5BFF-4644-A354-56869DF4BC4F}.Release|x64.Build.0 = Release|Any CPU
		{325DC93A-5BFF-4644-A354-56869DF4BC4F}.Release|x86.ActiveCfg = Release|Any CPU
		{325DC93A-5BFF-4644-A354-56869DF4BC4F}.Release|x86.Build.0 = Release|Any CPU
		{1C9E6B67-8C18-4274-A249-57CC9A5E693D}.Debug|Any CPU.ActiveCfg = Debug|Any CPU
		{1C9E6B67-8C18-4274-A249-57CC9A5E693D}.Debug|Any CPU.Build.0 = Debug|Any CPU
		{1C9E6B67-8C18-4274-A249-57CC9A5E693D}.Debug|x64.ActiveCfg = Debug|Any CPU
		{1C9E6B67-8C18-4274-A249-57CC9A5E693D}.Debug|x64.Build.0 = Debug|Any CPU
		{1C9E6B67-8C18-4274-A249-57CC9A5E693D}.Debug|x86.ActiveCfg = Debug|Any CPU
		{1C9E6B67-8C18-4274-A249-57CC9A5E693D}.Debug|x86.Build.0 = Debug|Any CPU
		{1C9E6B67-8C18-4274-A249-57CC9A5E693D}.Release|Any CPU.ActiveCfg = Release|Any CPU
		{1C9E6B67-8C18-4274-A249-57CC9A5E693D}.Release|Any CPU.Build.0 = Release|Any CPU
		{1C9E6B67-8C18-4274-A249-57CC9A5E693D}.Release|x64.ActiveCfg = Release|Any CPU
		{1C9E6B67-8C18-4274-A249-57CC9A5E693D}.Release|x64.Build.0 = Release|Any CPU
		{1C9E6B67-8C18-4274-A249-57CC9A5E693D}.Release|x86.ActiveCfg = Release|Any CPU
		{1C9E6B67-8C18-4274-A249-57CC9A5E693D}.Release|x86.Build.0 = Release|Any CPU
	EndGlobalSection
	GlobalSection(SolutionProperties) = preSolution
		HideSolutionNode = FALSE
	EndGlobalSection
	GlobalSection(NestedProjects) = preSolution
		{3067FC35-0036-4F24-8EFC-F3673580A8A7} = {827E0CD3-B72D-47B6-A68D-7590B98EB39B}
		{325DC93A-5BFF-4644-A354-56869DF4BC4F} = {827E0CD3-B72D-47B6-A68D-7590B98EB39B}
		{1C9E6B67-8C18-4274-A249-57CC9A5E693D} = {0AB3BF05-4346-4AA6-1389-037BE0695223}
	EndGlobalSection
EndGlobal
