{
  "version": 1,
  "dependencies": {
    "net8.0": {
      "Microsoft.Agents.AI.Workflows": {
        "type": "Direct",
        "requested": "[1.20.0, 1.20.0]",
        "resolved": "1.20.0",
        "contentHash": "LJI88XYg4cLMWYhuDwWPTb27z0dnWNlrVoYgnBUKETDbrpP2uzuXP7r/K1z3a8LVCa96D/U2RmdIv5gCGPJDWg==",
        "dependencies": {
          "Microsoft.Agents.AI": "1.20.0",
          "Microsoft.Agents.AI.Abstractions": "1.20.0",
          "Microsoft.Extensions.AI": "10.9.0",
          "Microsoft.Extensions.AI.Abstractions": "10.9.0",
          "Microsoft.Extensions.AI.Evaluation": "10.9.0",
          "Microsoft.Extensions.Compliance.Abstractions": "10.5.0",
          "Microsoft.Extensions.DependencyInjection.Abstractions": "10.0.11",
          "Microsoft.Extensions.FileSystemGlobbing": "10.0.11",
          "Microsoft.Extensions.Logging.Abstractions": "10.0.11",
          "Microsoft.Extensions.VectorData.Abstractions": "10.8.2",
          "Microsoft.ML.Tokenizers": "2.0.0",
          "OpenTelemetry.Api": "1.15.3",
          "System.Diagnostics.DiagnosticSource": "10.0.11",
          "System.Text.Json": "10.0.11",
          "System.Threading.Channels": "10.0.11"
        }
      },
      "WorldCut": {
        "type": "Direct",
        "requested": "[0.1.1, 0.1.1]",
        "resolved": "0.1.1",
        "contentHash": "5dRpLCu088iEOcI/W6d3SCgJHNY4gDmRLJU+QIMb4lc1lZdAOvbvL0/LuFLW4fUNbEE3eGYwqddgwUjjK6SKzQ=="
      },
      "Google.Protobuf": {
        "type": "Transitive",
        "resolved": "3.30.2",
        "contentHash": "Y2aOVLIt75yeeEWigg9V9YnjsEm53sADtLGq0gLhwaXpk3iu8tYSoauolyhenagA2sWno2TQ2WujI0HQd6s1Vw=="
      },
      "Microsoft.Agents.AI": {
        "type": "Transitive",
        "resolved": "1.20.0",
        "contentHash": "/nNbNNistrhtdpaqj4u83gbBjnU88nKNLtUs7e5vpyGXnsdh22mDd/FAvYO/T47FTMbRiTOXPWmcVXhGEry68Q==",
        "dependencies": {
          "Microsoft.Agents.AI.Abstractions": "1.20.0",
          "Microsoft.Extensions.AI": "10.9.0",
          "Microsoft.Extensions.AI.Abstractions": "10.9.0",
          "Microsoft.Extensions.AI.Evaluation": "10.9.0",
          "Microsoft.Extensions.Compliance.Abstractions": "10.5.0",
          "Microsoft.Extensions.DependencyInjection.Abstractions": "10.0.11",
          "Microsoft.Extensions.FileSystemGlobbing": "10.0.11",
          "Microsoft.Extensions.Logging.Abstractions": "10.0.11",
          "Microsoft.Extensions.VectorData.Abstractions": "10.8.2",
          "Microsoft.ML.Tokenizers": "2.0.0",
          "System.Diagnostics.DiagnosticSource": "10.0.11",
          "System.Text.Json": "10.0.11",
          "System.Threading.Channels": "10.0.11"
        }
      },
      "Microsoft.Agents.AI.Abstractions": {
        "type": "Transitive",
        "resolved": "1.20.0",
        "contentHash": "xe56ZcnCkU26SA2ap0cowHR3HsUS5hKiCiRIEMUX6DytmjXPqwbN737Ja9lepnxkwmE1u0lcxJC+EPYpJeSgYA==",
        "dependencies": {
          "Microsoft.Extensions.AI.Abstractions": "10.9.0",
          "System.Text.Json": "10.0.11"
        }
      },
      "Microsoft.Extensions.AI": {
        "type": "Transitive",
        "resolved": "10.9.0",
        "contentHash": "ymREzi/+uQ9KL0d0ir3FXHUb/XLHyLYcJYH/7A/uO6rg6Km8hUk++nMRG4/gDpDYrrU6s6YIpSDTexofexMGRg==",
        "dependencies": {
          "Microsoft.Extensions.AI.Abstractions": "10.9.0",
          "Microsoft.Extensions.Caching.Abstractions": "10.0.11",
          "Microsoft.Extensions.DependencyInjection.Abstractions": "10.0.11",
          "Microsoft.Extensions.Logging.Abstractions": "10.0.11",
          "System.Diagnostics.DiagnosticSource": "10.0.11",
          "System.Numerics.Tensors": "10.0.11",
          "System.Text.Json": "10.0.11",
          "System.Threading.Channels": "10.0.11"
        }
      },
      "Microsoft.Extensions.AI.Abstractions": {
        "type": "Transitive",
        "resolved": "10.9.0",
        "contentHash": "//nASHMCJVxnYfE/WSzfaLOao6/q816kPpgB9rxU0gfSmAny1u3rfQT0D4xAmcIo4yQqJs7rAeBB+M/dIMdZYA==",
        "dependencies": {
          "System.Text.Json": "10.0.11"
        }
      },
      "Microsoft.Extensions.AI.Evaluation": {
        "type": "Transitive",
        "resolved": "10.9.0",
        "contentHash": "X1W8yH63os/Me/5+ipZLmgRXjZJDJ1kUHxYRWxqP3c/DezHfSHD+Qf5nKgN1EHIY9GYqkIBTvtPEC8Hs+t4KBQ==",
        "dependencies": {
          "Microsoft.Extensions.AI.Abstractions": "10.9.0"
        }
      },
      "Microsoft.Extensions.Caching.Abstractions": {
        "type": "Transitive",
        "resolved": "10.0.11",
        "contentHash": "vUl798SmruTqqlt/xH2gDk3tJlhk6k3HdOXAHirlRfbNKDym4g/kRpUL9S4sl6F6FsOTOMW+ZsDapqlZMOOiEw==",
        "dependencies": {
          "Microsoft.Extensions.Primitives": "10.0.11"
        }
      },
      "Microsoft.Extensions.Compliance.Abstractions": {
        "type": "Transitive",
        "resolved": "10.5.0",
        "contentHash": "xbWZji13Vb2jDJNtwVrKpI09jd8x3n3fL+GzhiLK+8O5Wc2A+GyqCZalST2fV46Pf0QfCwkXf83y+3/rDkCd7A==",
        "dependencies": {
          "Microsoft.Extensions.DependencyInjection.Abstractions": "8.0.2",
          "Microsoft.Extensions.ObjectPool": "8.0.26"
        }
      },
      "Microsoft.Extensions.DependencyInjection.Abstractions": {
        "type": "Transitive",
        "resolved": "10.0.11",
        "contentHash": "/a1aJz4m7ylhEDf25ugQChLQoN5XwoGjWw/BoR/ZWWKsO1v4DdJElS1uyngahz4B/eOzjFk1KNTkarRLE5wsIg=="
      },
      "Microsoft.Extensions.FileSystemGlobbing": {
        "type": "Transitive",
        "resolved": "10.0.11",
        "contentHash": "2i6rtW/B5rCnWCnhdmWWEmaM9O0HD0zsPY9eRqa++y4tclI3Uw8zvGbBvhY/LjAdtf8gUHhUPcAWj3DRlWMXmQ=="
      },
      "Microsoft.Extensions.Logging.Abstractions": {
        "type": "Transitive",
        "resolved": "10.0.11",
        "contentHash": "Ljd0Uxoq5XpScD2Bg0nM/r3mwx7Ao5Uq24eo2ARxbGvqJ7Zht6rt2cJtwVRH4Cv+1ZVMdXz6TB43KbpmsxRrvQ==",
        "dependencies": {
          "Microsoft.Extensions.DependencyInjection.Abstractions": "10.0.11",
          "System.Diagnostics.DiagnosticSource": "10.0.11"
        }
      },
      "Microsoft.Extensions.ObjectPool": {
        "type": "Transitive",
        "resolved": "8.0.26",
        "contentHash": "RGNmDMO+aQ5qBOjT78Rfw9NuzdG9SCSWziZjhHt8UJOtRd4vD2XH8ZmxxI7WZAmV/6XjurHj5UAErXuBoUZTIw=="
      },
      "Microsoft.Extensions.Primitives": {
        "type": "Transitive",
        "resolved": "10.0.11",
        "contentHash": "SXcz+kF+4Oo9b1+55zntpJFYfwb1jw66ioxptyNOOTDc8g2FHnBFWjZpsWfCvZIhzr0x+4e2trVTs4OKwQfBtw=="
      },
      "Microsoft.Extensions.VectorData.Abstractions": {
        "type": "Transitive",
        "resolved": "10.8.2",
        "contentHash": "e4AkXSuZaslSXCZLWpqBgjBYafwOh/b3LQp+RWIiJrvFjJXM9VUYVHRbbxWQTDuMxKPKFADRch5Dy3EKmBCHkA==",
        "dependencies": {
          "Microsoft.Extensions.AI.Abstractions": "10.8.2"
        }
      },
      "Microsoft.ML.Tokenizers": {
        "type": "Transitive",
        "resolved": "2.0.0",
        "contentHash": "+b8lT4cLLO/sBR2hjvE/qG6qrZG15h7/PBvnIrzTh4xDaAxdHUY6449rC+1pHzQUsBiCHZVbj+VMn+xS0sL7TA==",
        "dependencies": {
          "Google.Protobuf": "3.30.2"
        }
      },
      "OpenTelemetry.Api": {
        "type": "Transitive",
        "resolved": "1.15.3",
        "contentHash": "fX+fkCysfPut+qCcT3bKqyX4QN9Saf4CgX8HLOHywEVD+Xr7sULtfuypITpoDysjx8R59dn/3mWhgimMH8cm/g==",
        "dependencies": {
          "System.Diagnostics.DiagnosticSource": "10.0.0"
        }
      },
      "System.Diagnostics.DiagnosticSource": {
        "type": "Transitive",
        "resolved": "10.0.11",
        "contentHash": "QoXcAdDhBudxorzYF1F5Uo7FY0CSWgmTjqVRJjcQaYAkbO3dCPXDJajJwyApTGHCJ+T5PfVyKZqXEKZ8PH+UWQ=="
      },
      "System.IO.Pipelines": {
        "type": "Transitive",
        "resolved": "10.0.11",
        "contentHash": "rg8LPOZ62quw3aTnsQNh9rssncaMs69WEM1DiJdDkV+o4Llb2s5Pasy5Bulfm8zL+pE4gDcSQo7V2zW2jvxwYg=="
      },
      "System.Numerics.Tensors": {
        "type": "Transitive",
        "resolved": "10.0.11",
        "contentHash": "4jNNt67NhCqf3bf2FN0mrsC+EH60L7Sny6poqVeiviB27Kw7TQzMmgn8HIaPc8E9EcuGusUyfeu21gLfzcBpDA=="
      },
      "System.Text.Encodings.Web": {
        "type": "Transitive",
        "resolved": "10.0.11",
        "contentHash": "R7H2/Oqr3onFff/JKDpfRjwxcQZlocF/eQ0ce8go/OTjqz+6LEp/fZK8j1YnDobtysChATEg7krVq4hQJ3IoeQ=="
      },
      "System.Text.Json": {
        "type": "Transitive",
        "resolved": "10.0.11",
        "contentHash": "X2rXQy7g8KEUvWVbAz6vOk6byI1eMgmzFeXbKxq4BfZCfFy5S91K+K+hd4ZBlSp0wL1Y8FyGRXs6+hvABTjwQw==",
        "dependencies": {
          "System.IO.Pipelines": "10.0.11",
          "System.Text.Encodings.Web": "10.0.11"
        }
      },
      "System.Threading.Channels": {
        "type": "Transitive",
        "resolved": "10.0.11",
        "contentHash": "UvDZ9CCHB+4NX2lI+QvT1MFb4Ly4iw0KmQ1/WokHc4yFD6SoQ9Odxy1e0TRAN4ncqMkJulfeBDzugNwn0GMFUA=="
      }
    }
  }
}